// !$*UTF8*$!
{
	archiveVersion = 1;
	classes = {
	};
	objectVersion = 77;
	objects = {

/* Begin PBXBuildFile section */
		6362D2D12D12A41700BC337F /* AppDelegate.swift in Sources */ = {isa = PBXBuildFile; fileRef = 6362D2C62D12A41700BC337F /* AppDelegate.swift */; };
		6362D2D22D12A41700BC337F /* SceneDelegate.swift in Sources */ = {isa = PBXBuildFile; fileRef = 6362D2CE2D12A41700BC337F /* SceneDelegate.swift */; };
		6362D2D42D12A41700BC337F /* Assets.xcassets in Resources */ = {isa = PBXBuildFile; fileRef = 6362D2C72D12A41700BC337F /* Assets.xcassets */; };
		6362D2D62D12A41700BC337F /* LaunchScreen.storyboard in Resources */ = {isa = PBXBuildFile; fileRef = 6362D2CA2D12A41700BC337F /* LaunchScreen.storyboard */; };
		6377F8242D13ECCA00AF2A26 /* StrongReferences.swift in Sources */ = {isa = PBXBuildFile; fileRef = 6377F8232D13ECCA00AF2A26 /* StrongReferences.swift */; };
		6377F8262D13ECD300AF2A26 /* WeakReferences.swift in Sources */ = {isa = PBXBuildFile; fileRef = 6377F8252D13ECD300AF2A26 /* WeakReferences.swift */; };
		6377F8282D13ECDB00AF2A26 /* UnownedReferences.swift in Sources */ = {isa = PBXBuildFile; fileRef = 6377F8272D13ECDB00AF2A26 /* UnownedReferences.swift */; };
		6377F82A2D141A4C00AF2A26 /* DelegateReference.swift in Sources */ = {isa = PBXBuildFile; fileRef = 6377F8292D141A4C00AF2A26 /* DelegateReference.swift */; };
		6377F82C2D14243700AF2A26 /* ClosureReferences.swift in Sources */ = {isa = PBXBuildFile; fileRef = 6377F82B2D14243700AF2A26 /* ClosureReferences.swift */; };
		637D60112D15CDD000F54E60 /* withExtendedLifetimeController.swift in Sources */ = {isa = PBXBuildFile; fileRef = 637D60102D15CDD000F54E60 /* withExtendedLifetimeController.swift */; };
		637D60132D15E56200F54E60 /* RedesignReference.swift in Sources */ = {isa = PBXBuildFile; fileRef = 637D60122D15E56200F54E60 /* RedesignReference.swift */; };
/* End PBXBuildFile section */

/* Begin PBXFileReference section */
		6362D2AD2D127D4700BC337F /* DevelopmentAtScale.app */ = {isa = PBXFileReference; explicitFileType = wrapper.application; includeInIndex = 0; path = DevelopmentAtScale.app; sourceTree = BUILT_PRODUCTS_DIR; };
		6362D2C62D12A41700BC337F /* AppDelegate.swift */ = {isa = PBXFileReference; lastKnownFileType = sourcecode.swift; path = AppDelegate.swift; sourceTree = "<group>"; };
		6362D2C72D12A41700BC337F /* Assets.xcassets */ = {isa = PBXFileReference; lastKnownFileType = folder.assetcatalog; path = Assets.xcassets; sourceTree = "<group>"; };
		6362D2C82D12A41700BC337F /* Info.plist */ = {isa = PBXFileReference; lastKnownFileType = text.plist.xml; path = Info.plist; sourceTree = "<group>"; };
		6362D2C92D12A41700BC337F /* Base */ = {isa = PBXFileReference; lastKnownFileType = file.storyboard; name = Base; path = Base.lproj/LaunchScreen.storyboard; sourceTree = "<group>"; };
		6362D2CE2D12A41700BC337F /* SceneDelegate.swift */ = {isa = PBXFileReference; lastKnownFileType = sourcecode.swift; path = SceneDelegate.swift; sourceTree = "<group>"; };
		6377F8232D13ECCA00AF2A26 /* StrongReferences.swift */ = {isa = PBXFileReference; lastKnownFileType = sourcecode.swift; path = StrongReferences.swift; sourceTree = "<group>"; };
		6377F8252D13ECD300AF2A26 /* WeakReferences.swift */ = {isa = PBXFileReference; lastKnownFileType = sourcecode.swift; path = WeakReferences.swift; sourceTree = "<group>"; };
		6377F8272D13ECDB00AF2A26 /* UnownedReferences.swift */ = {isa = PBXFileReference; lastKnownFileType = sourcecode.swift; path = UnownedReferences.swift; sourceTree = "<group>"; };
		6377F8292D141A4C00AF2A26 /* DelegateReference.swift */ = {isa = PBXFileReference; lastKnownFileType = sourcecode.swift; path = DelegateReference.swift; sourceTree = "<group>"; };
		6377F82B2D14243700AF2A26 /* ClosureReferences.swift */ = {isa = PBXFileReference; lastKnownFileType = sourcecode.swift; path = ClosureReferences.swift; sourceTree = "<group>"; };
		637D60102D15CDD000F54E60 /* withExtendedLifetimeController.swift */ = {isa = PBXFileReference; lastKnownFileType = sourcecode.swift; path = withExtendedLifetimeController.swift; sourceTree = "<group>"; };
		637D60122D15E56200F54E60 /* RedesignReference.swift */ = {isa = PBXFileReference; lastKnownFileType = sourcecode.swift; path = RedesignReference.swift; sourceTree = "<group>"; };
/* End PBXFileReference section */

/* Begin PBXFrameworksBuildPhase section */
		6362D2AA2D127D4700BC337F /* Frameworks */ = {
			isa = PBXFrameworksBuildPhase;
			buildActionMask = 2147483647;
			files = (
			);
			runOnlyForDeploymentPostprocessing = 0;
		};
/* End PBXFrameworksBuildPhase section */

/* Begin PBXGroup section */
		6362D2A42D127D4700BC337F = {
			isa = PBXGroup;
			children = (
				6362D2D02D12A41700BC337F /* DevelopmentAtScale */,
				6362D2AE2D127D4700BC337F /* Products */,
			);
			sourceTree = "<group>";
		};
		6362D2AE2D127D4700BC337F /* Products */ = {
			isa = PBXGroup;
			children = (
				6362D2AD2D127D4700BC337F /* DevelopmentAtScale.app */,
			);
			name = Products;
			sourceTree = "<group>";
		};
		6362D2D02D12A41700BC337F /* DevelopmentAtScale */ = {
			isa = PBXGroup;
			children = (
				6362D2C62D12A41700BC337F /* AppDelegate.swift */,
				6362D2C72D12A41700BC337F /* Assets.xcassets */,
				6362D2C82D12A41700BC337F /* Info.plist */,
				6362D2CA2D12A41700BC337F /* LaunchScreen.storyboard */,
				6362D2CE2D12A41700BC337F /* SceneDelegate.swift */,
				6377F8222D13EC0B00AF2A26 /* ReferenceCycle */,
			);
			path = DevelopmentAtScale;
			sourceTree = "<group>";
		};
		6377F8222D13EC0B00AF2A26 /* ReferenceCycle */ = {
			isa = PBXGroup;
			children = (
				6377F8232D13ECCA00AF2A26 /* StrongReferences.swift */,
				6377F8252D13ECD300AF2A26 /* WeakReferences.swift */,
				6377F8272D13ECDB00AF2A26 /* UnownedReferences.swift */,
				637D60102D15CDD000F54E60 /* withExtendedLifetimeController.swift */,
				637D60122D15E56200F54E60 /* RedesignReference.swift */,
				6377F8292D141A4C00AF2A26 /* DelegateReference.swift */,
				6377F82B2D14243700AF2A26 /* ClosureReferences.swift */,
			);
			path = ReferenceCycle;
			sourceTree = "<group>";
		};
/* End PBXGroup section */

/* Begin PBXNativeTarget section */
		6362D2AC2D127D4700BC337F /* DevelopmentAtScale */ = {
			isa = PBXNativeTarget;
			buildConfigurationList = 6362D2C02D127D4900BC337F /* Build configuration list for PBXNativeTarget "DevelopmentAtScale" */;
			buildPhases = (
				6362D2A92D127D4700BC337F /* Sources */,
				6362D2AA2D127D4700BC337F /* Frameworks */,
				6362D2AB2D127D4700BC337F /* Resources */,
			);
			buildRules = (
			);
			dependencies = (
			);
			name = DevelopmentAtScale;
			packageProductDependencies = (
			);
			productName = DevelopmentAtScale;
			productReference = 6362D2AD2D127D4700BC337F /* DevelopmentAtScale.app */;
			productType = "com.apple.product-type.application";
		};
/* End PBXNativeTarget section */

/* Begin PBXProject section */
		6362D2A52D127D4700BC337F /* Project object */ = {
			isa = PBXProject;
			attributes = {
				BuildIndependentTargetsInParallel = 1;
				LastSwiftUpdateCheck = 1620;
				LastUpgradeCheck = 1620;
				TargetAttributes = {
					6362D2AC2D127D4700BC337F = {
						CreatedOnToolsVersion = 16.2;
					};
				};
			};
			buildConfigurationList = 6362D2A82D127D4700BC337F /* Build configuration list for PBXProject "DevelopmentAtScale" */;
			developmentRegion = en;
			hasScannedForEncodings = 0;
			knownRegions = (
				en,
				Base,
			);
			mainGroup = 6362D2A42D127D4700BC337F;
			minimizedProjectReferenceProxies = 1;
			preferredProjectObjectVersion = 77;
			productRefGroup = 6362D2AE2D127D4700BC337F /* Products */;
			projectDirPath = "";
			projectRoot = "";
			targets = (
				6362D2AC2D127D4700BC337F /* DevelopmentAtScale */,
			);
		};
/* End PBXProject section */

/* Begin PBXResourcesBuildPhase section */
		6362D2AB2D127D4700BC337F /* Resources */ = {
			isa = PBXResourcesBuildPhase;
			buildActionMask = 2147483647;
			files = (
				6362D2D42D12A41700BC337F /* Assets.xcassets in Resources */,
				6362D2D62D12A41700BC337F /* LaunchScreen.storyboard in Resources */,
			);
			runOnlyForDeploymentPostprocessing = 0;
		};
/* End PBXResourcesBuildPhase section */

/* Begin PBXSourcesBuildPhase section */
		6362D2A92D127D4700BC337F /* Sources */ = {
			isa = PBXSourcesBuildPhase;
			buildActionMask = 2147483647;
			files = (
				6377F8282D13ECDB00AF2A26 /* UnownedReferences.swift in Sources */,
				6377F8242D13ECCA00AF2A26 /* StrongReferences.swift in Sources */,
				6377F82C2D14243700AF2A26 /* ClosureReferences.swift in Sources */,
				6362D2D12D12A41700BC337F /* AppDelegate.swift in Sources */,
				637D60132D15E56200F54E60 /* RedesignReference.swift in Sources */,
				6362D2D22D12A41700BC337F /* SceneDelegate.swift in Sources */,
				6377F82A2D141A4C00AF2A26 /* DelegateReference.swift in Sources */,
				6377F8262D13ECD300AF2A26 /* WeakReferences.swift in Sources */,
				637D60112D15CDD000F54E60 /* withExtendedLifetimeController.swift in Sources */,
			);
			runOnlyForDeploymentPostprocessing = 0;
		};
/* End PBXSourcesBuildPhase section */

/* Begin PBXVariantGroup section */
		6362D2CA2D12A41700BC337F /* LaunchScreen.storyboard */ = {
			isa = PBXVariantGroup;
			children = (
				6362D2C92D12A41700BC337F /* Base */,
			);
			name = LaunchScreen.storyboard;
			sourceTree = "<group>";
		};
/* End PBXVariantGroup section */

/* Begin XCBuildConfiguration section */
		6362D2C12D127D4900BC337F /* Debug */ = {
			isa = XCBuildConfiguration;
			buildSettings = {
				ASSETCATALOG_COMPILER_APPICON_NAME = AppIcon;
				ASSETCATALOG_COMPILER_GLOBAL_ACCENT_COLOR_NAME = AccentColor;
				CODE_SIGN_STYLE = Automatic;
				CURRENT_PROJECT_VERSION = 1;
				DEVELOPMENT_TEAM = 8925HY5X36;
				GENERATE_INFOPLIST_FILE = YES;
				INFOPLIST_FILE = DevelopmentAtScale/Info.plist;
				INFOPLIST_KEY_UIApplicationSupportsIndirectInputEvents = YES;
				INFOPLIST_KEY_UILaunchStoryboardName = LaunchScreen;
				INFOPLIST_KEY_UISupportedInterfaceOrientations_iPad = "UIInterfaceOrientationPortrait UIInterfaceOrientationPortraitUpsideDown UIInterfaceOrientationLandscapeLeft UIInterfaceOrientationLandscapeRight";
				INFOPLIST_KEY_UISupportedInterfaceOrientations_iPhone = "UIInterfaceOrientationPortrait UIInterfaceOrientationLandscapeLeft UIInterfaceOrientationLandscapeRight";
				IPHONEOS_DEPLOYMENT_TARGET = 16.6;
				LD_RUNPATH_SEARCH_PATHS = (
					"$(inherited)",
					"@executable_path/Frameworks",
				);
				MARKETING_VERSION = 1.0;
				PRODUCT_BUNDLE_IDENTIFIER = com.unAbel.DevelopmentAtScale;
				PRODUCT_NAME = "$(TARGET_NAME)";
				SWIFT_EMIT_LOC_STRINGS = YES;
				SWIFT_VERSION = 5.0;
				TARGETED_DEVICE_FAMILY = "1,2";
			};
			name = Debug;
		};
		6362D2C22D127D4900BC337F /* Release */ = {
			isa = XCBuildConfiguration;
			buildSettings = {
				ASSETCATALOG_COMPILER_APPICON_NAME = AppIcon;
				ASSETCATALOG_COMPILER_GLOBAL_ACCENT_COLOR_NAME = AccentColor;
				CODE_SIGN_STYLE = Automatic;
				CURRENT_PROJECT_VERSION = 1;
				DEVELOPMENT_TEAM = 8925HY5X36;
				GENERATE_INFOPLIST_FILE = YES;
				INFOPLIST_FILE = DevelopmentAtScale/Info.plist;
				INFOPLIST_KEY_UIApplicationSupportsIndirectInputEvents = YES;
				INFOPLIST_KEY_UILaunchStoryboardName = LaunchScreen;
				INFOPLIST_KEY_UISupportedInterfaceOrientations_iPad = "UIInterfaceOrientationPortrait UIInterfaceOrientationPortraitUpsideDown UIInterfaceOrientationLandscapeLeft UIInterfaceOrientationLandscapeRight";
				INFOPLIST_KEY_UISupportedInterfaceOrientations_iPhone = "UIInterfaceOrientationPortrait UIInterfaceOrientationLandscapeLeft UIInterfaceOrientationLandscapeRight";
				IPHONEOS_DEPLOYMENT_TARGET = 16.6;
				LD_RUNPATH_SEARCH_PATHS = (
					"$(inherited)",
					"@executable_path/Frameworks",
				);
				MARKETING_VERSION = 1.0;
				PRODUCT_BUNDLE_IDENTIFIER = com.unAbel.DevelopmentAtScale;
				PRODUCT_NAME = "$(TARGET_NAME)";
				SWIFT_EMIT_LOC_STRINGS = YES;
				SWIFT_VERSION = 5.0;
				TARGETED_DEVICE_FAMILY = "1,2";
			};
			name = Release;
		};
		6362D2C32D127D4900BC337F /* Debug */ = {
			isa = XCBuildConfiguration;
			buildSettings = {
				ALWAYS_SEARCH_USER_PATHS = NO;
				ASSETCATALOG_COMPILER_GENERATE_SWIFT_ASSET_SYMBOL_EXTENSIONS = YES;
				CLANG_ANALYZER_NONNULL = YES;
				CLANG_ANALYZER_NUMBER_OBJECT_CONVERSION = YES_AGGRESSIVE;
				CLANG_CXX_LANGUAGE_STANDARD = "gnu++20";
				CLANG_ENABLE_MODULES = YES;
				CLANG_ENABLE_OBJC_ARC = YES;
				CLANG_ENABLE_OBJC_WEAK = YES;
				CLANG_WARN_BLOCK_CAPTURE_AUTORELEASING = YES;
				CLANG_WARN_BOOL_CONVERSION = YES;
				CLANG_WARN_COMMA = YES;
				CLANG_WARN_CONSTANT_CONVERSION = YES;
				CLANG_WARN_DEPRECATED_OBJC_IMPLEMENTATIONS = YES;
				CLANG_WARN_DIRECT_OBJC_ISA_USAGE = YES_ERROR;
				CLANG_WARN_DOCUMENTATION_COMMENTS = YES;
				CLANG_WARN_EMPTY_BODY = YES;
				CLANG_WARN_ENUM_CONVERSION = YES;
				CLANG_WARN_INFINITE_RECURSION = YES;
				CLANG_WARN_INT_CONVERSION = YES;
				CLANG_WARN_NON_LITERAL_NULL_CONVERSION = YES;
				CLANG_WARN_OBJC_IMPLICIT_RETAIN_SELF = YES;
				CLANG_WARN_OBJC_LITERAL_CONVERSION = YES;
				CLANG_WARN_OBJC_ROOT_CLASS = YES_ERROR;
				CLANG_WARN_QUOTED_INCLUDE_IN_FRAMEWORK_HEADER = YES;
				CLANG_WARN_RANGE_LOOP_ANALYSIS = YES;
				CLANG_WARN_STRICT_PROTOTYPES = YES;
				CLANG_WARN_SUSPICIOUS_MOVE = YES;
				CLANG_WARN_UNGUARDED_AVAILABILITY = YES_AGGRESSIVE;
				CLANG_WARN_UNREACHABLE_CODE = YES;
				CLANG_WARN__DUPLICATE_METHOD_MATCH = YES;
				COPY_PHASE_STRIP = NO;
				DEBUG_INFORMATION_FORMAT = dwarf;
				ENABLE_STRICT_OBJC_MSGSEND = YES;
				ENABLE_TESTABILITY = YES;
				ENABLE_USER_SCRIPT_SANDBOXING = YES;
				GCC_C_LANGUAGE_STANDARD = gnu17;
				GCC_DYNAMIC_NO_PIC = NO;
				GCC_NO_COMMON_BLOCKS = YES;
				GCC_OPTIMIZATION_LEVEL = 0;
				GCC_PREPROCESSOR_DEFINITIONS = (
					"DEBUG=1",
					"$(inherited)",
				);
				GCC_WARN_64_TO_32_BIT_CONVERSION = YES;
				GCC_WARN_ABOUT_RETURN_TYPE = YES_ERROR;
				GCC_WARN_UNDECLARED_SELECTOR = YES;
				GCC_WARN_UNINITIALIZED_AUTOS = YES_AGGRESSIVE;
				GCC_WARN_UNUSED_FUNCTION = YES;
				GCC_WARN_UNUSED_VARIABLE = YES;
				IPHONEOS_DEPLOYMENT_TARGET = 18.2;
				LOCALIZATION_PREFERS_STRING_CATALOGS = YES;
				MTL_ENABLE_DEBUG_INFO = INCLUDE_SOURCE;
				MTL_FAST_MATH = YES;
				ONLY_ACTIVE_ARCH = YES;
				SDKROOT = iphoneos;
				SWIFT_ACTIVE_COMPILATION_CONDITIONS = "DEBUG $(inherited)";
				SWIFT_OPTIMIZATION_LEVEL = "-Onone";
			};
			name = Debug;
		};
		6362D2C42D127D4900BC337F /* Release */ = {
			isa = XCBuildConfiguration;
			buildSettings = {
				ALWAYS_SEARCH_USER_PATHS = NO;
				ASSETCATALOG_COMPILER_GENERATE_SWIFT_ASSET_SYMBOL_EXTENSIONS = YES;
				CLANG_ANALYZER_NONNULL = YES;
				CLANG_ANALYZER_NUMBER_OBJECT_CONVERSION = YES_AGGRESSIVE;
				CLANG_CXX_LANGUAGE_STANDARD = "gnu++20";
				CLANG_ENABLE_MODULES = YES;
				CLANG_ENABLE_OBJC_ARC = YES;
				CLANG_ENABLE_OBJC_WEAK = YES;
				CLANG_WARN_BLOCK_CAPTURE_AUTORELEASING = YES;
				CLANG_WARN_BOOL_CONVERSION = YES;
				CLANG_WARN_COMMA = YES;
				CLANG_WARN_CONSTANT_CONVERSION = YES;
				CLANG_WARN_DEPRECATED_OBJC_IMPLEMENTATIONS = YES;
				CLANG_WARN_DIRECT_OBJC_ISA_USAGE = YES_ERROR;
				CLANG_WARN_DOCUMENTATION_COMMENTS = YES;
				CLANG_WARN_EMPTY_BODY = YES;
				CLANG_WARN_ENUM_CONVERSION = YES;
				CLANG_WARN_INFINITE_RECURSION = YES;
				CLANG_WARN_INT_CONVERSION = YES;
				CLANG_WARN_NON_LITERAL_NULL_CONVERSION = YES;
				CLANG_WARN_OBJC_IMPLICIT_RETAIN_SELF = YES;
				CLANG_WARN_OBJC_LITERAL_CONVERSION = YES;
				CLANG_WARN_OBJC_ROOT_CLASS = YES_ERROR;
				CLANG_WARN_QUOTED_INCLUDE_IN_FRAMEWORK_HEADER = YES;
				CLANG_WARN_RANGE_LOOP_ANALYSIS = YES;
				CLANG_WARN_STRICT_PROTOTYPES = YES;
				CLANG_WARN_SUSPICIOUS_MOVE = YES;
				CLANG_WARN_UNGUARDED_AVAILABILITY = YES_AGGRESSIVE;
				CLANG_WARN_UNREACHABLE_CODE = YES;
				CLANG_WARN__DUPLICATE_METHOD_MATCH = YES;
				COPY_PHASE_STRIP = NO;
				DEBUG_INFORMATION_FORMAT = "dwarf-with-dsym";
				ENABLE_NS_ASSERTIONS = NO;
				ENABLE_STRICT_OBJC_MSGSEND = YES;
				ENABLE_USER_SCRIPT_SANDBOXING = YES;
				GCC_C_LANGUAGE_STANDARD = gnu17;
				GCC_NO_COMMON_BLOCKS = YES;
				GCC_WARN_64_TO_32_BIT_CONVERSION = YES;
				GCC_WARN_ABOUT_RETURN_TYPE = YES_ERROR;
				GCC_WARN_UNDECLARED_SELECTOR = YES;
				GCC_WARN_UNINITIALIZED_AUTOS = YES_AGGRESSIVE;
				GCC_WARN_UNUSED_FUNCTION = YES;
				GCC_WARN_UNUSED_VARIABLE = YES;
				IPHONEOS_DEPLOYMENT_TARGET = 18.2;
				LOCALIZATION_PREFERS_STRING_CATALOGS = YES;
				MTL_ENABLE_DEBUG_INFO = NO;
				MTL_FAST_MATH = YES;
				SDKROOT = iphoneos;
				SWIFT_COMPILATION_MODE = wholemodule;
				VALIDATE_PRODUCT = YES;
			};
			name = Release;
		};
/* End XCBuildConfiguration section */

/* Begin XCConfigurationList section */
		6362D2A82D127D4700BC337F /* Build configuration list for PBXProject "DevelopmentAtScale" */ = {
			isa = XCConfigurationList;
			buildConfigurations = (
				6362D2C32D127D4900BC337F /* Debug */,
				6362D2C42D127D4900BC337F /* Release */,
			);
			defaultConfigurationIsVisible = 0;
			defaultConfigurationName = Release;
		};
		6362D2C02D127D4900BC337F /* Build configuration list for PBXNativeTarget "DevelopmentAtScale" */ = {
			isa = XCConfigurationList;
			buildConfigurations = (
				6362D2C12D127D4900BC337F /* Debug */,
				6362D2C22D127D4900BC337F /* Release */,
			);
			defaultConfigurationIsVisible = 0;
			defaultConfigurationName = Release;
		};
/* End XCConfigurationList section */
	};
	rootObject = 6362D2A52D127D4700BC337F /* Project object */;
}
